
Microsoft Visual Studio Solution File, Format Version 12.00
# Visual Studio Version 17
VisualStudioVersion = 17.7.34221.43
MinimumVisualStudioVersion = 10.0.40219.1
Project("{9A19103F-16F7-4668-BE54-9A1E7A4F7556}") = "HelloWorld", "HelloWorld\HelloWorld.csproj", "{03AF7793-7ADF-4AB7-8596-6146A7763D33}"
EndProject
Project("{9A19103F-16F7-4668-BE54-9A1E7A4F7556}") = "OutputApp", "OutputApp\OutputApp.csproj", "{59188EE4-1993-420B-8DCA-E8BC3AFBE050}"
EndProject
Project("{9A19103F-16F7-4668-BE54-9A1E7A4F7556}") = "DataTypesApp", "DataTypesApp\DataTypesApp.csproj", "{5EAC0716-B1FA-4EC0-A0A7-8C2CEC5362E5}"
EndProject
Project("{9A19103F-16F7-4668-BE54-9A1E7A4F7556}") = "NullableApp", "NullableApp\NullableApp.csproj", "{A18E9E95-E2F7-4C20-BA13-8B7D4FD4DEC9}"
EndProject
Project("{9A19103F-16F7-4668-BE54-9A1E7A4F7556}") = "ReadApp", "ReadApp\ReadApp.csproj", "{96221ABC-4C96-490B-AD32-76392B00E106}"
EndProject
Project("{9A19103F-16F7-4668-BE54-9A1E7A4F7556}") = "TypecastApp", "TypecastApp\TypecastApp.csproj", "{933D4A61-14C4-43AA-AA06-59DBB1D7CF68}"
EndProject
Project("{9A19103F-16F7-4668-BE54-9A1E7A4F7556}") = "ExpressionsApp", "ExpressionsApp\ExpressionsApp.csproj", "{7F73B793-8546-45FD-9C23-5F3364910E0C}"
EndProject
Project("{9A19103F-16F7-4668-BE54-9A1E7A4F7556}") = "EurosToDollarsApp", "EurosToDollarsApp\EurosToDollarsApp.csproj", "{B1C1A722-DE9C-499D-947B-18B055802C42}"
EndProject
Project("{9A19103F-16F7-4668-BE54-9A1E7A4F7556}") = "GradesApp", "GradesApp\GradesApp.csproj", "{C8B52FEE-A898-4AB2-A112-4FE29EBFC81B}"
EndProject
Project("{9A19103F-16F7-4668-BE54-9A1E7A4F7556}") = "IgnorePositiveApp", "IgnorePositiveApp\IgnorePositiveApp.csproj", "{343FE757-166C-443B-8DD0-B4E54301ECC8}"
EndProject
Project("{9A19103F-16F7-4668-BE54-9A1E7A4F7556}") = "CharApp", "CharApp\CharApp.csproj", "{0ECDC34B-095E-48F1-8266-4482451732D4}"
EndProject
Project("{9A19103F-16F7-4668-BE54-9A1E7A4F7556}") = "ProductApp", "ProductApp\ProductApp.csproj", "{C0617799-1AA5-4C6F-9BC2-C065A658E406}"
EndProject
Project("{9A19103F-16F7-4668-BE54-9A1E7A4F7556}") = "DigitsCountApp", "DigitsCountApp\DigitsCountApp.csproj", "{871B0033-DD80-44C0-8D2F-F3B1E40656B3}"
EndProject
Project("{9A19103F-16F7-4668-BE54-9A1E7A4F7556}") = "ExceptionApp", "ExceptionApp\ExceptionApp.csproj", "{B2DBECAC-3B99-46B4-83E9-CAE78E97ADA0}"
EndProject
Project("{9A19103F-16F7-4668-BE54-9A1E7A4F7556}") = "ForApp", "ForApp\ForApp.csproj", "{505B103F-9D0C-4605-9A9B-E59E387C5F75}"
EndProject
Project("{9A19103F-16F7-4668-BE54-9A1E7A4F7556}") = "PowerApp", "PowerApp\PowerApp.csproj", "{2590BA29-18F7-445E-9E68-882117A5CE44}"
EndProject
Project("{9A19103F-16F7-4668-BE54-9A1E7A4F7556}") = "SwitchApp", "SwitchApp\SwitchApp.csproj", "{9273F4D2-5239-4030-BCBC-04552627F173}"
EndProject
Project("{9A19103F-16F7-4668-BE54-9A1E7A4F7556}") = "SwitchFallThroughApp", "SwitchFallThroughApp\SwitchFallThroughApp.csproj", "{DE98C535-D67D-4550-9436-7E96380D6295}"
EndProject
Project("{9A19103F-16F7-4668-BE54-9A1E7A4F7556}") = "ArraysApp", "ArraysApp\ArraysApp.csproj", "{39E5D456-9452-4701-914B-6C2B20E48393}"
EndProject
Project("{9A19103F-16F7-4668-BE54-9A1E7A4F7556}") = "ArrayMinApp", "ArrayMinApp\ArrayMinApp.csproj", "{A1957A74-6C9F-4FBA-96ED-5D37166BFC8D}"
EndProject
Project("{9A19103F-16F7-4668-BE54-9A1E7A4F7556}") = "SelectionSortApp", "SelectionSortApp\SelectionSortApp.csproj", "{6BD59B72-0D4D-4B9C-9E5B-F98BB6F07169}"
EndProject
Project("{9A19103F-16F7-4668-BE54-9A1E7A4F7556}") = "SymmetricArrayApp", "SymmetricArrayApp\SymmetricArrayApp.csproj", "{8A0C33AF-A52F-4F31-819B-75F40A496730}"
EndProject
Project("{9A19103F-16F7-4668-BE54-9A1E7A4F7556}") = "TwoDimArrays", "TwoDimArrays\TwoDimArrays.csproj", "{CC4B3E07-2879-42FC-A06C-DA17F7F264D3}"
EndProject
Project("{9A19103F-16F7-4668-BE54-9A1E7A4F7556}") = "ArrayUtilApp", "ArrayUtilApp\ArrayUtilApp.csproj", "{E48E2883-6849-4B41-A38C-FA4D166D4A83}"
EndProject
Project("{9A19103F-16F7-4668-BE54-9A1E7A4F7556}") = "StringsApp", "StringsApp\StringsApp.csproj", "{535A92C3-D528-4903-B79E-1426DE2521A5}"
EndProject
Project("{9A19103F-16F7-4668-BE54-9A1E7A4F7556}") = "NullableStrings", "NullableStrings\NullableStrings.csproj", "{0E504033-457A-41DE-B772-259CDC933049}"
EndProject
Project("{9A19103F-16F7-4668-BE54-9A1E7A4F7556}") = "StringBuilderApp", "StringBuilderApp\StringBuilderApp.csproj", "{A29946A4-8F2B-4F81-B833-4C7A76665373}"
EndProject
Project("{9A19103F-16F7-4668-BE54-9A1E7A4F7556}") = "ArgsApp", "ArgsApp\ArgsApp.csproj", "{D2C77A57-1FE0-4B74-A398-5DF6C946BA38}"
EndProject
Project("{9A19103F-16F7-4668-BE54-9A1E7A4F7556}") = "RegexApp", "RegexApp\RegexApp.csproj", "{9EAA1134-A026-4981-B50F-B60DBCDF66E7}"
EndProject
Project("{9A19103F-16F7-4668-BE54-9A1E7A4F7556}") = "FactorialApp", "FactorialApp\FactorialApp.csproj", "{A57D40E6-283D-4112-AE1B-5BA416406C38}"
EndProject
Project("{9A19103F-16F7-4668-BE54-9A1E7A4F7556}") = "SwapApp", "SwapApp\SwapApp.csproj", "{CAD2A614-B65E-43D5-8C5A-1FCB4B715F25}"
EndProject
Project("{9A19103F-16F7-4668-BE54-9A1E7A4F7556}") = "OverloadingApp", "OverloadingApp\OverloadingApp.csproj", "{CB7402AA-A9ED-4795-918F-0EB7D94A536F}"
EndProject
Project("{9A19103F-16F7-4668-BE54-9A1E7A4F7556}") = "FiboApp", "FiboApp\FiboApp.csproj", "{FF73230B-01B5-475E-8DD7-1DE881711555}"
EndProject
Project("{9A19103F-16F7-4668-BE54-9A1E7A4F7556}") = "PrimeApp", "PrimeApp\PrimeApp.csproj", "{48E66D5D-A295-4FCB-BAFE-D7C863E67625}"
EndProject
Project("{9A19103F-16F7-4668-BE54-9A1E7A4F7556}") = "ClassesApp", "ClassesApp\ClassesApp.csproj", "{52DDE4BB-08B7-4FBC-8AE1-3CD4DDE8FD4E}"
EndProject
Project("{9A19103F-16F7-4668-BE54-9A1E7A4F7556}") = "AccountApp", "AccountApp\AccountApp.csproj", "{06F6E712-2F69-47E8-BE4B-57952EC9104D}"
EndProject
Project("{9A19103F-16F7-4668-BE54-9A1E7A4F7556}") = "InheritApp", "InheritApp\InheritApp.csproj", "{DDF8EC1B-DA2A-4F66-B0D0-13C9FF52AB54}"
EndProject
Project("{9A19103F-16F7-4668-BE54-9A1E7A4F7556}") = "ShallowDeepCopyApp", "ShallowDeepCopy\ShallowDeepCopyApp.csproj", "{BD024E67-A764-4DAB-B155-1A9D176CF86C}"
EndProject
Project("{9A19103F-16F7-4668-BE54-9A1E7A4F7556}") = "FractionApp", "FractionApp\FractionApp.csproj", "{FB5AA30D-08F3-4385-9841-74FD9F1DBA58}"
EndProject
Project("{9A19103F-16F7-4668-BE54-9A1E7A4F7556}") = "InterfaceApp", "InterfaceApp\InterfaceApp.csproj", "{89D0605C-C95D-4C60-99F3-D810997B41B4}"
EndProject
Project("{9A19103F-16F7-4668-BE54-9A1E7A4F7556}") = "PointsMonolithicApp", "PointsMonolithicApp\PointsMonolithicApp.csproj", "{39166F54-AFC7-4EF6-851D-A592701E79A7}"
EndProject
Project("{9A19103F-16F7-4668-BE54-9A1E7A4F7556}") = "CollectionsApp", "CollectionsApp\CollectionsApp.csproj", "{66C6C5DA-0E90-4C51-BA83-E807B7CF6522}"
EndProject
Project("{9A19103F-16F7-4668-BE54-9A1E7A4F7556}") = "LinqApp", "LinqApp\LinqApp.csproj", "{81F0676E-B564-4900-B150-99D05878FB57}"
EndProject
Project("{9A19103F-16F7-4668-BE54-9A1E7A4F7556}") = "FluentAPIapp", "FluentAPIapp\FluentAPIapp.csproj", "{5DB55287-E2E1-4B30-A6FD-D82FFFB9C390}"
EndProject
Project("{9A19103F-16F7-4668-BE54-9A1E7A4F7556}") = "WebAppStarter", "WebAppStarter\WebAppStarter.csproj", "{62730EDE-9968-4B8C-8971-3F6F6B5FEDC2}"
EndProject
Project("{2150E333-8FDC-42A3-9474-1A3956D46DE8}") = "CSharpGenericExamples", "CSharpGenericExamples", "{B8098C8B-BE2E-4091-8566-4D9829BA528F}"
EndProject
Project("{9A19103F-16F7-4668-BE54-9A1E7A4F7556}") = "StudentsDbApp", "StudentsDbApp\StudentsDbApp.csproj", "{10B6CA5A-F4C2-4F52-9750-A9AE018ED0F1}"
EndProject
Global
	GlobalSection(SolutionConfigurationPlatforms) = preSolution
		Debug|Any CPU = Debug|Any CPU
		Release|Any CPU = Release|Any CPU
	EndGlobalSection
	GlobalSection(ProjectConfigurationPlatforms) = postSolution
		{03AF7793-7ADF-4AB7-8596-6146A7763D33}.Debug|Any CPU.ActiveCfg = Debug|Any CPU
		{03AF7793-7ADF-4AB7-8596-6146A7763D33}.Debug|Any CPU.Build.0 = Debug|Any CPU
		{03AF7793-7ADF-4AB7-8596-6146A7763D33}.Release|Any CPU.ActiveCfg = Release|Any CPU
		{03AF7793-7ADF-4AB7-8596-6146A7763D33}.Release|Any CPU.Build.0 = Release|Any CPU
		{59188EE4-1993-420B-8DCA-E8BC3AFBE050}.Debug|Any CPU.ActiveCfg = Debug|Any CPU
		{59188EE4-1993-420B-8DCA-E8BC3AFBE050}.Debug|Any CPU.Build.0 = Debug|Any CPU
		{59188EE4-1993-420B-8DCA-E8BC3AFBE050}.Release|Any CPU.ActiveCfg = Release|Any CPU
		{59188EE4-1993-420B-8DCA-E8BC3AFBE050}.Release|Any CPU.Build.0 = Release|Any CPU
		{5EAC0716-B1FA-4EC0-A0A7-8C2CEC5362E5}.Debug|Any CPU.ActiveCfg = Debug|Any CPU
		{5EAC0716-B1FA-4EC0-A0A7-8C2CEC5362E5}.Debug|Any CPU.Build.0 = Debug|Any CPU
		{5EAC0716-B1FA-4EC0-A0A7-8C2CEC5362E5}.Release|Any CPU.ActiveCfg = Release|Any CPU
		{5EAC0716-B1FA-4EC0-A0A7-8C2CEC5362E5}.Release|Any CPU.Build.0 = Release|Any CPU
		{A18E9E95-E2F7-4C20-BA13-8B7D4FD4DEC9}.Debug|Any CPU.ActiveCfg = Debug|Any CPU
		{A18E9E95-E2F7-4C20-BA13-8B7D4FD4DEC9}.Debug|Any CPU.Build.0 = Debug|Any CPU
		{A18E9E95-E2F7-4C20-BA13-8B7D4FD4DEC9}.Release|Any CPU.ActiveCfg = Release|Any CPU
		{A18E9E95-E2F7-4C20-BA13-8B7D4FD4DEC9}.Release|Any CPU.Build.0 = Release|Any CPU
		{96221ABC-4C96-490B-AD32-76392B00E106}.Debug|Any CPU.ActiveCfg = Debug|Any CPU
		{96221ABC-4C96-490B-AD32-76392B00E106}.Debug|Any CPU.Build.0 = Debug|Any CPU
		{96221ABC-4C96-490B-AD32-76392B00E106}.Release|Any CPU.ActiveCfg = Release|Any CPU
		{96221ABC-4C96-490B-AD32-76392B00E106}.Release|Any CPU.Build.0 = Release|Any CPU
		{933D4A61-14C4-43AA-AA06-59DBB1D7CF68}.Debug|Any CPU.ActiveCfg = Debug|Any CPU
		{933D4A61-14C4-43AA-AA06-59DBB1D7CF68}.Debug|Any CPU.Build.0 = Debug|Any CPU
		{933D4A61-14C4-43AA-AA06-59DBB1D7CF68}.Release|Any CPU.ActiveCfg = Release|Any CPU
		{933D4A61-14C4-43AA-AA06-59DBB1D7CF68}.Release|Any CPU.Build.0 = Release|Any CPU
		{7F73B793-8546-45FD-9C23-5F3364910E0C}.Debug|Any CPU.ActiveCfg = Debug|Any CPU
		{7F73B793-8546-45FD-9C23-5F3364910E0C}.Debug|Any CPU.Build.0 = Debug|Any CPU
		{7F73B793-8546-45FD-9C23-5F3364910E0C}.Release|Any CPU.ActiveCfg = Release|Any CPU
		{7F73B793-8546-45FD-9C23-5F3364910E0C}.Release|Any CPU.Build.0 = Release|Any CPU
		{B1C1A722-DE9C-499D-947B-18B055802C42}.Debug|Any CPU.ActiveCfg = Debug|Any CPU
		{B1C1A722-DE9C-499D-947B-18B055802C42}.Debug|Any CPU.Build.0 = Debug|Any CPU
		{B1C1A722-DE9C-499D-947B-18B055802C42}.Release|Any CPU.ActiveCfg = Release|Any CPU
		{B1C1A722-DE9C-499D-947B-18B055802C42}.Release|Any CPU.Build.0 = Release|Any CPU
		{C8B52FEE-A898-4AB2-A112-4FE29EBFC81B}.Debug|Any CPU.ActiveCfg = Debug|Any CPU
		{C8B52FEE-A898-4AB2-A112-4FE29EBFC81B}.Debug|Any CPU.Build.0 = Debug|Any CPU
		{C8B52FEE-A898-4AB2-A112-4FE29EBFC81B}.Release|Any CPU.ActiveCfg = Release|Any CPU
		{C8B52FEE-A898-4AB2-A112-4FE29EBFC81B}.Release|Any CPU.Build.0 = Release|Any CPU
		{343FE757-166C-443B-8DD0-B4E54301ECC8}.Debug|Any CPU.ActiveCfg = Debug|Any CPU
		{343FE757-166C-443B-8DD0-B4E54301ECC8}.Debug|Any CPU.Build.0 = Debug|Any CPU
		{343FE757-166C-443B-8DD0-B4E54301ECC8}.Release|Any CPU.ActiveCfg = Release|Any CPU
		{343FE757-166C-443B-8DD0-B4E54301ECC8}.Release|Any CPU.Build.0 = Release|Any CPU
		{0ECDC34B-095E-48F1-8266-4482451732D4}.Debug|Any CPU.ActiveCfg = Debug|Any CPU
		{0ECDC34B-095E-48F1-8266-4482451732D4}.Debug|Any CPU.Build.0 = Debug|Any CPU
		{0ECDC34B-095E-48F1-8266-4482451732D4}.Release|Any CPU.ActiveCfg = Release|Any CPU
		{0ECDC34B-095E-48F1-8266-4482451732D4}.Release|Any CPU.Build.0 = Release|Any CPU
		{C0617799-1AA5-4C6F-9BC2-C065A658E406}.Debug|Any CPU.ActiveCfg = Debug|Any CPU
		{C0617799-1AA5-4C6F-9BC2-C065A658E406}.Debug|Any CPU.Build.0 = Debug|Any CPU
		{C0617799-1AA5-4C6F-9BC2-C065A658E406}.Release|Any CPU.ActiveCfg = Release|Any CPU
		{C0617799-1AA5-4C6F-9BC2-C065A658E406}.Release|Any CPU.Build.0 = Release|Any CPU
		{871B0033-DD80-44C0-8D2F-F3B1E40656B3}.Debug|Any CPU.ActiveCfg = Debug|Any CPU
		{871B0033-DD80-44C0-8D2F-F3B1E40656B3}.Debug|Any CPU.Build.0 = Debug|Any CPU
		{871B0033-DD80-44C0-8D2F-F3B1E40656B3}.Release|Any CPU.ActiveCfg = Release|Any CPU
		{871B0033-DD80-44C0-8D2F-F3B1E40656B3}.Release|Any CPU.Build.0 = Release|Any CPU
		{B2DBECAC-3B99-46B4-83E9-CAE78E97ADA0}.Debug|Any CPU.ActiveCfg = Debug|Any CPU
		{B2DBECAC-3B99-46B4-83E9-CAE78E97ADA0}.Debug|Any CPU.Build.0 = Debug|Any CPU
		{B2DBECAC-3B99-46B4-83E9-CAE78E97ADA0}.Release|Any CPU.ActiveCfg = Release|Any CPU
		{B2DBECAC-3B99-46B4-83E9-CAE78E97ADA0}.Release|Any CPU.Build.0 = Release|Any CPU
		{505B103F-9D0C-4605-9A9B-E59E387C5F75}.Debug|Any CPU.ActiveCfg = Debug|Any CPU
		{505B103F-9D0C-4605-9A9B-E59E387C5F75}.Debug|Any CPU.Build.0 = Debug|Any CPU
		{505B103F-9D0C-4605-9A9B-E59E387C5F75}.Release|Any CPU.ActiveCfg = Release|Any CPU
		{505B103F-9D0C-4605-9A9B-E59E387C5F75}.Release|Any CPU.Build.0 = Release|Any CPU
		{2590BA29-18F7-445E-9E68-882117A5CE44}.Debug|Any CPU.ActiveCfg = Debug|Any CPU
		{2590BA29-18F7-445E-9E68-882117A5CE44}.Debug|Any CPU.Build.0 = Debug|Any CPU
		{2590BA29-18F7-445E-9E68-882117A5CE44}.Release|Any CPU.ActiveCfg = Release|Any CPU
		{2590BA29-18F7-445E-9E68-882117A5CE44}.Release|Any CPU.Build.0 = Release|Any CPU
		{9273F4D2-5239-4030-BCBC-04552627F173}.Debug|Any CPU.ActiveCfg = Debug|Any CPU
		{9273F4D2-5239-4030-BCBC-04552627F173}.Debug|Any CPU.Build.0 = Debug|Any CPU
		{9273F4D2-5239-4030-BCBC-04552627F173}.Release|Any CPU.ActiveCfg = Release|Any CPU
		{9273F4D2-5239-4030-BCBC-04552627F173}.Release|Any CPU.Build.0 = Release|Any CPU
		{DE98C535-D67D-4550-9436-7E96380D6295}.Debug|Any CPU.ActiveCfg = Debug|Any CPU
		{DE98C535-D67D-4550-9436-7E96380D6295}.Debug|Any CPU.Build.0 = Debug|Any CPU
		{DE98C535-D67D-4550-9436-7E96380D6295}.Release|Any CPU.ActiveCfg = Release|Any CPU
		{DE98C535-D67D-4550-9436-7E96380D6295}.Release|Any CPU.Build.0 = Release|Any CPU
		{39E5D456-9452-4701-914B-6C2B20E48393}.Debug|Any CPU.ActiveCfg = Debug|Any CPU
		{39E5D456-9452-4701-914B-6C2B20E48393}.Debug|Any CPU.Build.0 = Debug|Any CPU
		{39E5D456-9452-4701-914B-6C2B20E48393}.Release|Any CPU.ActiveCfg = Release|Any CPU
		{39E5D456-9452-4701-914B-6C2B20E48393}.Release|Any CPU.Build.0 = Release|Any CPU
		{A1957A74-6C9F-4FBA-96ED-5D37166BFC8D}.Debug|Any CPU.ActiveCfg = Debug|Any CPU
		{A1957A74-6C9F-4FBA-96ED-5D37166BFC8D}.Debug|Any CPU.Build.0 = Debug|Any CPU
		{A1957A74-6C9F-4FBA-96ED-5D37166BFC8D}.Release|Any CPU.ActiveCfg = Release|Any CPU
		{A1957A74-6C9F-4FBA-96ED-5D37166BFC8D}.Release|Any CPU.Build.0 = Release|Any CPU
		{6BD59B72-0D4D-4B9C-9E5B-F98BB6F07169}.Debug|Any CPU.ActiveCfg = Debug|Any CPU
		{6BD59B72-0D4D-4B9C-9E5B-F98BB6F07169}.Debug|Any CPU.Build.0 = Debug|Any CPU
		{6BD59B72-0D4D-4B9C-9E5B-F98BB6F07169}.Release|Any CPU.ActiveCfg = Release|Any CPU
		{6BD59B72-0D4D-4B9C-9E5B-F98BB6F07169}.Release|Any CPU.Build.0 = Release|Any CPU
		{8A0C33AF-A52F-4F31-819B-75F40A496730}.Debug|Any CPU.ActiveCfg = Debug|Any CPU
		{8A0C33AF-A52F-4F31-819B-75F40A496730}.Debug|Any CPU.Build.0 = Debug|Any CPU
		{8A0C33AF-A52F-4F31-819B-75F40A496730}.Release|Any CPU.ActiveCfg = Release|Any CPU
		{8A0C33AF-A52F-4F31-819B-75F40A496730}.Release|Any CPU.Build.0 = Release|Any CPU
		{CC4B3E07-2879-42FC-A06C-DA17F7F264D3}.Debug|Any CPU.ActiveCfg = Debug|Any CPU
		{CC4B3E07-2879-42FC-A06C-DA17F7F264D3}.Debug|Any CPU.Build.0 = Debug|Any CPU
		{CC4B3E07-2879-42FC-A06C-DA17F7F264D3}.Release|Any CPU.ActiveCfg = Release|Any CPU
		{CC4B3E07-2879-42FC-A06C-DA17F7F264D3}.Release|Any CPU.Build.0 = Release|Any CPU
		{E48E2883-6849-4B41-A38C-FA4D166D4A83}.Debug|Any CPU.ActiveCfg = Debug|Any CPU
		{E48E2883-6849-4B41-A38C-FA4D166D4A83}.Debug|Any CPU.Build.0 = Debug|Any CPU
		{E48E2883-6849-4B41-A38C-FA4D166D4A83}.Release|Any CPU.ActiveCfg = Release|Any CPU
		{E48E2883-6849-4B41-A38C-FA4D166D4A83}.Release|Any CPU.Build.0 = Release|Any CPU
		{535A92C3-D528-4903-B79E-1426DE2521A5}.Debug|Any CPU.ActiveCfg = Debug|Any CPU
		{535A92C3-D528-4903-B79E-1426DE2521A5}.Debug|Any CPU.Build.0 = Debug|Any CPU
		{535A92C3-D528-4903-B79E-1426DE2521A5}.Release|Any CPU.ActiveCfg = Release|Any CPU
		{535A92C3-D528-4903-B79E-1426DE2521A5}.Release|Any CPU.Build.0 = Release|Any CPU
		{0E504033-457A-41DE-B772-259CDC933049}.Debug|Any CPU.ActiveCfg = Debug|Any CPU
		{0E504033-457A-41DE-B772-259CDC933049}.Debug|Any CPU.Build.0 = Debug|Any CPU
		{0E504033-457A-41DE-B772-259CDC933049}.Release|Any CPU.ActiveCfg = Release|Any CPU
		{0E504033-457A-41DE-B772-259CDC933049}.Release|Any CPU.Build.0 = Release|Any CPU
		{A29946A4-8F2B-4F81-B833-4C7A76665373}.Debug|Any CPU.ActiveCfg = Debug|Any CPU
		{A29946A4-8F2B-4F81-B833-4C7A76665373}.Debug|Any CPU.Build.0 = Debug|Any CPU
		{A29946A4-8F2B-4F81-B833-4C7A76665373}.Release|Any CPU.ActiveCfg = Release|Any CPU
		{A29946A4-8F2B-4F81-B833-4C7A76665373}.Release|Any CPU.Build.0 = Release|Any CPU
		{D2C77A57-1FE0-4B74-A398-5DF6C946BA38}.Debug|Any CPU.ActiveCfg = Debug|Any CPU
		{D2C77A57-1FE0-4B74-A398-5DF6C946BA38}.Debug|Any CPU.Build.0 = Debug|Any CPU
		{D2C77A57-1FE0-4B74-A398-5DF6C946BA38}.Release|Any CPU.ActiveCfg = Release|Any CPU
		{D2C77A57-1FE0-4B74-A398-5DF6C946BA38}.Release|Any CPU.Build.0 = Release|Any CPU
		{9EAA1134-A026-4981-B50F-B60DBCDF66E7}.Debug|Any CPU.ActiveCfg = Debug|Any CPU
		{9EAA1134-A026-4981-B50F-B60DBCDF66E7}.Debug|Any CPU.Build.0 = Debug|Any CPU
		{9EAA1134-A026-4981-B50F-B60DBCDF66E7}.Release|Any CPU.ActiveCfg = Release|Any CPU
		{9EAA1134-A026-4981-B50F-B60DBCDF66E7}.Release|Any CPU.Build.0 = Release|Any CPU
		{A57D40E6-283D-4112-AE1B-5BA416406C38}.Debug|Any CPU.ActiveCfg = Debug|Any CPU
		{A57D40E6-283D-4112-AE1B-5BA416406C38}.Debug|Any CPU.Build.0 = Debug|Any CPU
		{A57D40E6-283D-4112-AE1B-5BA416406C38}.Release|Any CPU.ActiveCfg = Release|Any CPU
		{A57D40E6-283D-4112-AE1B-5BA416406C38}.Release|Any CPU.Build.0 = Release|Any CPU
		{CAD2A614-B65E-43D5-8C5A-1FCB4B715F25}.Debug|Any CPU.ActiveCfg = Debug|Any CPU
		{CAD2A614-B65E-43D5-8C5A-1FCB4B715F25}.Debug|Any CPU.Build.0 = Debug|Any CPU
		{CAD2A614-B65E-43D5-8C5A-1FCB4B715F25}.Release|Any CPU.ActiveCfg = Release|Any CPU
		{CAD2A614-B65E-43D5-8C5A-1FCB4B715F25}.Release|Any CPU.Build.0 = Release|Any CPU
		{CB7402AA-A9ED-4795-918F-0EB7D94A536F}.Debug|Any CPU.ActiveCfg = Debug|Any CPU
		{CB7402AA-A9ED-4795-918F-0EB7D94A536F}.Debug|Any CPU.Build.0 = Debug|Any CPU
		{CB7402AA-A9ED-4795-918F-0EB7D94A536F}.Release|Any CPU.ActiveCfg = Release|Any CPU
		{CB7402AA-A9ED-4795-918F-0EB7D94A536F}.Release|Any CPU.Build.0 = Release|Any CPU
		{FF73230B-01B5-475E-8DD7-1DE881711555}.Debug|Any CPU.ActiveCfg = Debug|Any CPU
		{FF73230B-01B5-475E-8DD7-1DE881711555}.Debug|Any CPU.Build.0 = Debug|Any CPU
		{FF73230B-01B5-475E-8DD7-1DE881711555}.Release|Any CPU.ActiveCfg = Release|Any CPU
		{FF73230B-01B5-475E-8DD7-1DE881711555}.Release|Any CPU.Build.0 = Release|Any CPU
		{48E66D5D-A295-4FCB-BAFE-D7C863E67625}.Debug|Any CPU.ActiveCfg = Debug|Any CPU
		{48E66D5D-A295-4FCB-BAFE-D7C863E67625}.Debug|Any CPU.Build.0 = Debug|Any CPU
		{48E66D5D-A295-4FCB-BAFE-D7C863E67625}.Release|Any CPU.ActiveCfg = Release|Any CPU
		{48E66D5D-A295-4FCB-BAFE-D7C863E67625}.Release|Any CPU.Build.0 = Release|Any CPU
		{52DDE4BB-08B7-4FBC-8AE1-3CD4DDE8FD4E}.Debug|Any CPU.ActiveCfg = Debug|Any CPU
		{52DDE4BB-08B7-4FBC-8AE1-3CD4DDE8FD4E}.Debug|Any CPU.Build.0 = Debug|Any CPU
		{52DDE4BB-08B7-4FBC-8AE1-3CD4DDE8FD4E}.Release|Any CPU.ActiveCfg = Release|Any CPU
		{52DDE4BB-08B7-4FBC-8AE1-3CD4DDE8FD4E}.Release|Any CPU.Build.0 = Release|Any CPU
		{06F6E712-2F69-47E8-BE4B-57952EC9104D}.Debug|Any CPU.ActiveCfg = Debug|Any CPU
		{06F6E712-2F69-47E8-BE4B-57952EC9104D}.Debug|Any CPU.Build.0 = Debug|Any CPU
		{06F6E712-2F69-47E8-BE4B-57952EC9104D}.Release|Any CPU.ActiveCfg = Release|Any CPU
		{06F6E712-2F69-47E8-BE4B-57952EC9104D}.Release|Any CPU.Build.0 = Release|Any CPU
		{DDF8EC1B-DA2A-4F66-B0D0-13C9FF52AB54}.Debug|Any CPU.ActiveCfg = Debug|Any CPU
		{DDF8EC1B-DA2A-4F66-B0D0-13C9FF52AB54}.Debug|Any CPU.Build.0 = Debug|Any CPU
		{DDF8EC1B-DA2A-4F66-B0D0-13C9FF52AB54}.Release|Any CPU.ActiveCfg = Release|Any CPU
		{DDF8EC1B-DA2A-4F66-B0D0-13C9FF52AB54}.Release|Any CPU.Build.0 = Release|Any CPU
		{BD024E67-A764-4DAB-B155-1A9D176CF86C}.Debug|Any CPU.ActiveCfg = Debug|Any CPU
		{BD024E67-A764-4DAB-B155-1A9D176CF86C}.Debug|Any CPU.Build.0 = Debug|Any CPU
		{BD024E67-A764-4DAB-B155-1A9D176CF86C}.Release|Any CPU.ActiveCfg = Release|Any CPU
		{BD024E67-A764-4DAB-B155-1A9D176CF86C}.Release|Any CPU.Build.0 = Release|Any CPU
		{FB5AA30D-08F3-4385-9841-74FD9F1DBA58}.Debug|Any CPU.ActiveCfg = Debug|Any CPU
		{FB5AA30D-08F3-4385-9841-74FD9F1DBA58}.Debug|Any CPU.Build.0 = Debug|Any CPU
		{FB5AA30D-08F3-4385-9841-74FD9F1DBA58}.Release|Any CPU.ActiveCfg = Release|Any CPU
		{FB5AA30D-08F3-4385-9841-74FD9F1DBA58}.Release|Any CPU.Build.0 = Release|Any CPU
		{89D0605C-C95D-4C60-99F3-D810997B41B4}.Debug|Any CPU.ActiveCfg = Debug|Any CPU
		{89D0605C-C95D-4C60-99F3-D810997B41B4}.Debug|Any CPU.Build.0 = Debug|Any CPU
		{89D0605C-C95D-4C60-99F3-D810997B41B4}.Release|Any CPU.ActiveCfg = Release|Any CPU
		{89D0605C-C95D-4C60-99F3-D810997B41B4}.Release|Any CPU.Build.0 = Release|Any CPU
		{39166F54-AFC7-4EF6-851D-A592701E79A7}.Debug|Any CPU.ActiveCfg = Debug|Any CPU
		{39166F54-AFC7-4EF6-851D-A592701E79A7}.Debug|Any CPU.Build.0 = Debug|Any CPU
		{39166F54-AFC7-4EF6-851D-A592701E79A7}.Release|Any CPU.ActiveCfg = Release|Any CPU
		{39166F54-AFC7-4EF6-851D-A592701E79A7}.Release|Any CPU.Build.0 = Release|Any CPU
		{66C6C5DA-0E90-4C51-BA83-E807B7CF6522}.Debug|Any CPU.ActiveCfg = Debug|Any CPU
		{66C6C5DA-0E90-4C51-BA83-E807B7CF6522}.Debug|Any CPU.Build.0 = Debug|Any CPU
		{66C6C5DA-0E90-4C51-BA83-E807B7CF6522}.Release|Any CPU.ActiveCfg = Release|Any CPU
		{66C6C5DA-0E90-4C51-BA83-E807B7CF6522}.Release|Any CPU.Build.0 = Release|Any CPU
		{81F0676E-B564-4900-B150-99D05878FB57}.Debug|Any CPU.ActiveCfg = Debug|Any CPU
		{81F0676E-B564-4900-B150-99D05878FB57}.Debug|Any CPU.Build.0 = Debug|Any CPU
		{81F0676E-B564-4900-B150-99D05878FB57}.Release|Any CPU.ActiveCfg = Release|Any CPU
		{81F0676E-B564-4900-B150-99D05878FB57}.Release|Any CPU.Build.0 = Release|Any CPU
		{5DB55287-E2E1-4B30-A6FD-D82FFFB9C390}.Debug|Any CPU.ActiveCfg = Debug|Any CPU
		{5DB55287-E2E1-4B30-A6FD-D82FFFB9C390}.Debug|Any CPU.Build.0 = Debug|Any CPU
		{5DB55287-E2E1-4B30-A6FD-D82FFFB9C390}.Release|Any CPU.ActiveCfg = Release|Any CPU
		{5DB55287-E2E1-4B30-A6FD-D82FFFB9C390}.Release|Any CPU.Build.0 = Release|Any CPU
		{62730EDE-9968-4B8C-8971-3F6F6B5FEDC2}.Debug|Any CPU.ActiveCfg = Debug|Any CPU
		{62730EDE-9968-4B8C-8971-3F6F6B5FEDC2}.Debug|Any CPU.Build.0 = Debug|Any CPU
		{62730EDE-9968-4B8C-8971-3F6F6B5FEDC2}.Release|Any CPU.ActiveCfg = Release|Any CPU
		{62730EDE-9968-4B8C-8971-3F6F6B5FEDC2}.Release|Any CPU.Build.0 = Release|Any CPU
		{10B6CA5A-F4C2-4F52-9750-A9AE018ED0F1}.Debug|Any CPU.ActiveCfg = Debug|Any CPU
		{10B6CA5A-F4C2-4F52-9750-A9AE018ED0F1}.Debug|Any CPU.Build.0 = Debug|Any CPU
		{10B6CA5A-F4C2-4F52-9750-A9AE018ED0F1}.Release|Any CPU.ActiveCfg = Release|Any CPU
		{10B6CA5A-F4C2-4F52-9750-A9AE018ED0F1}.Release|Any CPU.Build.0 = Release|Any CPU
	EndGlobalSection
	GlobalSection(SolutionProperties) = preSolution
		HideSolutionNode = FALSE
	EndGlobalSection
	GlobalSection(NestedProjects) = preSolution
		{03AF7793-7ADF-4AB7-8596-6146A7763D33} = {B8098C8B-BE2E-4091-8566-4D9829BA528F}
		{59188EE4-1993-420B-8DCA-E8BC3AFBE050} = {B8098C8B-BE2E-4091-8566-4D9829BA528F}
		{5EAC0716-B1FA-4EC0-A0A7-8C2CEC5362E5} = {B8098C8B-BE2E-4091-8566-4D9829BA528F}
		{A18E9E95-E2F7-4C20-BA13-8B7D4FD4DEC9} = {B8098C8B-BE2E-4091-8566-4D9829BA528F}
		{96221ABC-4C96-490B-AD32-76392B00E106} = {B8098C8B-BE2E-4091-8566-4D9829BA528F}
		{933D4A61-14C4-43AA-AA06-59DBB1D7CF68} = {B8098C8B-BE2E-4091-8566-4D9829BA528F}
		{7F73B793-8546-45FD-9C23-5F3364910E0C} = {B8098C8B-BE2E-4091-8566-4D9829BA528F}
		{B1C1A722-DE9C-499D-947B-18B055802C42} = {B8098C8B-BE2E-4091-8566-4D9829BA528F}
		{C8B52FEE-A898-4AB2-A112-4FE29EBFC81B} = {B8098C8B-BE2E-4091-8566-4D9829BA528F}
		{343FE757-166C-443B-8DD0-B4E54301ECC8} = {B8098C8B-BE2E-4091-8566-4D9829BA528F}
		{0ECDC34B-095E-48F1-8266-4482451732D4} = {B8098C8B-BE2E-4091-8566-4D9829BA528F}
		{C0617799-1AA5-4C6F-9BC2-C065A658E406} = {B8098C8B-BE2E-4091-8566-4D9829BA528F}
		{871B0033-DD80-44C0-8D2F-F3B1E40656B3} = {B8098C8B-BE2E-4091-8566-4D9829BA528F}
		{B2DBECAC-3B99-46B4-83E9-CAE78E97ADA0} = {B8098C8B-BE2E-4091-8566-4D9829BA528F}
		{505B103F-9D0C-4605-9A9B-E59E387C5F75} = {B8098C8B-BE2E-4091-8566-4D9829BA528F}
		{2590BA29-18F7-445E-9E68-882117A5CE44} = {B8098C8B-BE2E-4091-8566-4D9829BA528F}
		{9273F4D2-5239-4030-BCBC-04552627F173} = {B8098C8B-BE2E-4091-8566-4D9829BA528F}
		{DE98C535-D67D-4550-9436-7E96380D6295} = {B8098C8B-BE2E-4091-8566-4D9829BA528F}
		{39E5D456-9452-4701-914B-6C2B20E48393} = {B8098C8B-BE2E-4091-8566-4D9829BA528F}
		{A1957A74-6C9F-4FBA-96ED-5D37166BFC8D} = {B8098C8B-BE2E-4091-8566-4D9829BA528F}
		{6BD59B72-0D4D-4B9C-9E5B-F98BB6F07169} = {B8098C8B-BE2E-4091-8566-4D9829BA528F}
		{8A0C33AF-A52F-4F31-819B-75F40A496730} = {B8098C8B-BE2E-4091-8566-4D9829BA528F}
		{CC4B3E07-2879-42FC-A06C-DA17F7F264D3} = {B8098C8B-BE2E-4091-8566-4D9829BA528F}
		{E48E2883-6849-4B41-A38C-FA4D166D4A83} = {B8098C8B-BE2E-4091-8566-4D9829BA528F}
		{535A92C3-D528-4903-B79E-1426DE2521A5} = {B8098C8B-BE2E-4091-8566-4D9829BA528F}
		{0E504033-457A-41DE-B772-259CDC933049} = {B8098C8B-BE2E-4091-8566-4D9829BA528F}
		{A29946A4-8F2B-4F81-B833-4C7A76665373} = {B8098C8B-BE2E-4091-8566-4D9829BA528F}
		{D2C77A57-1FE0-4B74-A398-5DF6C946BA38} = {B8098C8B-BE2E-4091-8566-4D9829BA528F}
		{9EAA1134-A026-4981-B50F-B60DBCDF66E7} = {B8098C8B-BE2E-4091-8566-4D9829BA528F}
		{A57D40E6-283D-4112-AE1B-5BA416406C38} = {B8098C8B-BE2E-4091-8566-4D9829BA528F}
		{CAD2A614-B65E-43D5-8C5A-1FCB4B715F25} = {B8098C8B-BE2E-4091-8566-4D9829BA528F}
		{CB7402AA-A9ED-4795-918F-0EB7D94A536F} = {B8098C8B-BE2E-4091-8566-4D9829BA528F}
		{FF73230B-01B5-475E-8DD7-1DE881711555} = {B8098C8B-BE2E-4091-8566-4D9829BA528F}
		{48E66D5D-A295-4FCB-BAFE-D7C863E67625} = {B8098C8B-BE2E-4091-8566-4D9829BA528F}
		{52DDE4BB-08B7-4FBC-8AE1-3CD4DDE8FD4E} = {B8098C8B-BE2E-4091-8566-4D9829BA528F}
		{06F6E712-2F69-47E8-BE4B-57952EC9104D} = {B8098C8B-BE2E-4091-8566-4D9829BA528F}
		{DDF8EC1B-DA2A-4F66-B0D0-13C9FF52AB54} = {B8098C8B-BE2E-4091-8566-4D9829BA528F}
		{BD024E67-A764-4DAB-B155-1A9D176CF86C} = {B8098C8B-BE2E-4091-8566-4D9829BA528F}
		{FB5AA30D-08F3-4385-9841-74FD9F1DBA58} = {B8098C8B-BE2E-4091-8566-4D9829BA528F}
		{89D0605C-C95D-4C60-99F3-D810997B41B4} = {B8098C8B-BE2E-4091-8566-4D9829BA528F}
		{39166F54-AFC7-4EF6-851D-A592701E79A7} = {B8098C8B-BE2E-4091-8566-4D9829BA528F}
		{66C6C5DA-0E90-4C51-BA83-E807B7CF6522} = {B8098C8B-BE2E-4091-8566-4D9829BA528F}
		{81F0676E-B564-4900-B150-99D05878FB57} = {B8098C8B-BE2E-4091-8566-4D9829BA528F}
		{5DB55287-E2E1-4B30-A6FD-D82FFFB9C390} = {B8098C8B-BE2E-4091-8566-4D9829BA528F}
	EndGlobalSection
	GlobalSection(ExtensibilityGlobals) = postSolution
		SolutionGuid = {51D864C3-7015-4D0B-AF60-7148FDC48FDA}
	EndGlobalSection
EndGlobal
